
Microsoft Visual Studio Solution File, Format Version 12.00
# Visual Studio 15
Project("{FAE04EC0-301F-11D3-BF4B-00C04F79EFBC}") = "BooksReviews.WebAPI", "BooksReviews.WebAPI\BooksReviews.WebAPI.csproj", "{13769BED-1784-4A54-A8E0-4D79C4ECFBA2}"
EndProject
Project("{FAE04EC0-301F-11D3-BF4B-00C04F79EFBC}") = "BooksReviews.xUnit", "BooksReviews.xUnit\BooksReviews.xUnit.csproj", "{279A3679-6ADC-4891-9C63-445A39DEEEF9}"
EndProject
Project("{FAE04EC0-301F-11D3-BF4B-00C04F79EFBC}") = "BooksReviews.Models", "BooksReviews.Models\BooksReviews.Models.csproj", "{EFEF1BA3-1860-44DD-B3BB-66FC5E7395F4}"
EndProject
Project("{FAE04EC0-301F-11D3-BF4B-00C04F79EFBC}") = "BooksReviews.EFCore", "BooksReviews.EFCore\BooksReviews.EFCore.csproj", "{005D25CE-61C7-447E-AE4F-ADEB65DF8C83}"
EndProject
Project("{2150E333-8FDC-42A3-9474-1A3956D46DE8}") = "Data", "Data", "{23F9C318-AD08-4E2A-A3BF-801E6AA63BEE}"
EndProject
Project("{FAE04EC0-301F-11D3-BF4B-00C04F79EFBC}") = "BooksReviews.Xamarin.Android", "BooksReviews.Xamarin.Android\BooksReviews.Xamarin.Android.csproj", "{885CE01D-E0A6-4B6D-B7BC-31A2A39EE630}"
EndProject
Project("{FAE04EC0-301F-11D3-BF4B-00C04F79EFBC}") = "BooksReviews.Xamarin.iOS", "BooksReviews.Xamarin.iOS\BooksReviews.Xamarin.iOS.csproj", "{2DBBD119-C38D-409E-8831-DA1AFF6CA5C7}"
EndProject
Project("{FAE04EC0-301F-11D3-BF4B-00C04F79EFBC}") = "BooksReviews.Xamarin.MobileAppService", "BooksReviews.Xamarin.MobileAppService\BooksReviews.Xamarin.MobileAppService.csproj", "{118EE45C-8F60-4F05-B609-5DDE11D0BA23}"
EndProject
Project("{FAE04EC0-301F-11D3-BF4B-00C04F79EFBC}") = "BooksReviews.Xamarin.UITests", "BooksReviews.Xamarin.UITests\BooksReviews.Xamarin.UITests.csproj", "{7EA49779-5346-4E87-94B8-E4DD3E0E29EA}"
EndProject
Project("{FAE04EC0-301F-11D3-BF4B-00C04F79EFBC}") = "BooksReviews.Xamarin", "BooksReviews.Xamarin\BooksReviews.Xamarin.csproj", "{DFA22F9A-B05D-4AE0-8376-268637CC7F62}"
EndProject
Project("{2150E333-8FDC-42A3-9474-1A3956D46DE8}") = "Client", "Client", "{272E1F6F-E855-406B-AB9F-B66D768A3665}"
EndProject
Global
	GlobalSection(SolutionConfigurationPlatforms) = preSolution
		Debug|Any CPU = Debug|Any CPU
		Release|Any CPU = Release|Any CPU
		Debug|iPhoneSimulator = Debug|iPhoneSimulator
		Release|iPhoneSimulator = Release|iPhoneSimulator
		Debug|iPhone = Debug|iPhone
		Release|iPhone = Release|iPhone
	EndGlobalSection
	GlobalSection(ProjectConfigurationPlatforms) = postSolution
		{13769BED-1784-4A54-A8E0-4D79C4ECFBA2}.Debug|Any CPU.ActiveCfg = Debug|Any CPU
		{13769BED-1784-4A54-A8E0-4D79C4ECFBA2}.Debug|Any CPU.Build.0 = Debug|Any CPU
		{13769BED-1784-4A54-A8E0-4D79C4ECFBA2}.Release|Any CPU.ActiveCfg = Release|Any CPU
		{13769BED-1784-4A54-A8E0-4D79C4ECFBA2}.Release|Any CPU.Build.0 = Release|Any CPU
		{13769BED-1784-4A54-A8E0-4D79C4ECFBA2}.Debug|iPhoneSimulator.ActiveCfg = Debug|Any CPU
		{13769BED-1784-4A54-A8E0-4D79C4ECFBA2}.Debug|iPhoneSimulator.Build.0 = Debug|Any CPU
		{13769BED-1784-4A54-A8E0-4D79C4ECFBA2}.Release|iPhoneSimulator.ActiveCfg = Release|Any CPU
		{13769BED-1784-4A54-A8E0-4D79C4ECFBA2}.Release|iPhoneSimulator.Build.0 = Release|Any CPU
		{13769BED-1784-4A54-A8E0-4D79C4ECFBA2}.Debug|iPhone.ActiveCfg = Debug|Any CPU
		{13769BED-1784-4A54-A8E0-4D79C4ECFBA2}.Debug|iPhone.Build.0 = Debug|Any CPU
		{13769BED-1784-4A54-A8E0-4D79C4ECFBA2}.Release|iPhone.ActiveCfg = Release|Any CPU
		{13769BED-1784-4A54-A8E0-4D79C4ECFBA2}.Release|iPhone.Build.0 = Release|Any CPU
		{279A3679-6ADC-4891-9C63-445A39DEEEF9}.Debug|Any CPU.ActiveCfg = Debug|Any CPU
		{279A3679-6ADC-4891-9C63-445A39DEEEF9}.Debug|Any CPU.Build.0 = Debug|Any CPU
		{279A3679-6ADC-4891-9C63-445A39DEEEF9}.Release|Any CPU.ActiveCfg = Release|Any CPU
		{279A3679-6ADC-4891-9C63-445A39DEEEF9}.Release|Any CPU.Build.0 = Release|Any CPU
		{279A3679-6ADC-4891-9C63-445A39DEEEF9}.Debug|iPhoneSimulator.ActiveCfg = Debug|Any CPU
		{279A3679-6ADC-4891-9C63-445A39DEEEF9}.Debug|iPhoneSimulator.Build.0 = Debug|Any CPU
		{279A3679-6ADC-4891-9C63-445A39DEEEF9}.Release|iPhoneSimulator.ActiveCfg = Release|Any CPU
		{279A3679-6ADC-4891-9C63-445A39DEEEF9}.Release|iPhoneSimulator.Build.0 = Release|Any CPU
		{279A3679-6ADC-4891-9C63-445A39DEEEF9}.Debug|iPhone.ActiveCfg = Debug|Any CPU
		{279A3679-6ADC-4891-9C63-445A39DEEEF9}.Debug|iPhone.Build.0 = Debug|Any CPU
		{279A3679-6ADC-4891-9C63-445A39DEEEF9}.Release|iPhone.ActiveCfg = Release|Any CPU
		{279A3679-6ADC-4891-9C63-445A39DEEEF9}.Release|iPhone.Build.0 = Release|Any CPU
		{EFEF1BA3-1860-44DD-B3BB-66FC5E7395F4}.Debug|Any CPU.ActiveCfg = Debug|Any CPU
		{EFEF1BA3-1860-44DD-B3BB-66FC5E7395F4}.Debug|Any CPU.Build.0 = Debug|Any CPU
		{EFEF1BA3-1860-44DD-B3BB-66FC5E7395F4}.Release|Any CPU.ActiveCfg = Release|Any CPU
		{EFEF1BA3-1860-44DD-B3BB-66FC5E7395F4}.Release|Any CPU.Build.0 = Release|Any CPU
		{EFEF1BA3-1860-44DD-B3BB-66FC5E7395F4}.Debug|iPhoneSimulator.ActiveCfg = Debug|Any CPU
		{EFEF1BA3-1860-44DD-B3BB-66FC5E7395F4}.Debug|iPhoneSimulator.Build.0 = Debug|Any CPU
		{EFEF1BA3-1860-44DD-B3BB-66FC5E7395F4}.Release|iPhoneSimulator.ActiveCfg = Release|Any CPU
		{EFEF1BA3-1860-44DD-B3BB-66FC5E7395F4}.Release|iPhoneSimulator.Build.0 = Release|Any CPU
		{EFEF1BA3-1860-44DD-B3BB-66FC5E7395F4}.Debug|iPhone.ActiveCfg = Debug|Any CPU
		{EFEF1BA3-1860-44DD-B3BB-66FC5E7395F4}.Debug|iPhone.Build.0 = Debug|Any CPU
		{EFEF1BA3-1860-44DD-B3BB-66FC5E7395F4}.Release|iPhone.ActiveCfg = Release|Any CPU
		{EFEF1BA3-1860-44DD-B3BB-66FC5E7395F4}.Release|iPhone.Build.0 = Release|Any CPU
		{005D25CE-61C7-447E-AE4F-ADEB65DF8C83}.Debug|Any CPU.ActiveCfg = Debug|Any CPU
		{005D25CE-61C7-447E-AE4F-ADEB65DF8C83}.Debug|Any CPU.Build.0 = Debug|Any CPU
		{005D25CE-61C7-447E-AE4F-ADEB65DF8C83}.Release|Any CPU.ActiveCfg = Release|Any CPU
		{005D25CE-61C7-447E-AE4F-ADEB65DF8C83}.Release|Any CPU.Build.0 = Release|Any CPU
		{005D25CE-61C7-447E-AE4F-ADEB65DF8C83}.Debug|iPhoneSimulator.ActiveCfg = Debug|Any CPU
		{005D25CE-61C7-447E-AE4F-ADEB65DF8C83}.Debug|iPhoneSimulator.Build.0 = Debug|Any CPU
		{005D25CE-61C7-447E-AE4F-ADEB65DF8C83}.Release|iPhoneSimulator.ActiveCfg = Release|Any CPU
		{005D25CE-61C7-447E-AE4F-ADEB65DF8C83}.Release|iPhoneSimulator.Build.0 = Release|Any CPU
		{005D25CE-61C7-447E-AE4F-ADEB65DF8C83}.Debug|iPhone.ActiveCfg = Debug|Any CPU
		{005D25CE-61C7-447E-AE4F-ADEB65DF8C83}.Debug|iPhone.Build.0 = Debug|Any CPU
		{005D25CE-61C7-447E-AE4F-ADEB65DF8C83}.Release|iPhone.ActiveCfg = Release|Any CPU
		{005D25CE-61C7-447E-AE4F-ADEB65DF8C83}.Release|iPhone.Build.0 = Release|Any CPU
		{885CE01D-E0A6-4B6D-B7BC-31A2A39EE630}.Debug|Any CPU.ActiveCfg = Debug|Any CPU
		{885CE01D-E0A6-4B6D-B7BC-31A2A39EE630}.Debug|Any CPU.Build.0 = Debug|Any CPU
		{885CE01D-E0A6-4B6D-B7BC-31A2A39EE630}.Release|Any CPU.ActiveCfg = Release|Any CPU
		{885CE01D-E0A6-4B6D-B7BC-31A2A39EE630}.Release|Any CPU.Build.0 = Release|Any CPU
		{885CE01D-E0A6-4B6D-B7BC-31A2A39EE630}.Debug|iPhoneSimulator.ActiveCfg = Debug|Any CPU
		{885CE01D-E0A6-4B6D-B7BC-31A2A39EE630}.Debug|iPhoneSimulator.Build.0 = Debug|Any CPU
		{885CE01D-E0A6-4B6D-B7BC-31A2A39EE630}.Release|iPhoneSimulator.ActiveCfg = Release|Any CPU
		{885CE01D-E0A6-4B6D-B7BC-31A2A39EE630}.Release|iPhoneSimulator.Build.0 = Release|Any CPU
		{885CE01D-E0A6-4B6D-B7BC-31A2A39EE630}.Debug|iPhone.ActiveCfg = Debug|Any CPU
		{885CE01D-E0A6-4B6D-B7BC-31A2A39EE630}.Debug|iPhone.Build.0 = Debug|Any CPU
		{885CE01D-E0A6-4B6D-B7BC-31A2A39EE630}.Release|iPhone.ActiveCfg = Release|Any CPU
		{885CE01D-E0A6-4B6D-B7BC-31A2A39EE630}.Release|iPhone.Build.0 = Release|Any CPU
		{2DBBD119-C38D-409E-8831-DA1AFF6CA5C7}.Debug|Any CPU.ActiveCfg = Debug|iPhoneSimulator
		{2DBBD119-C38D-409E-8831-DA1AFF6CA5C7}.Debug|Any CPU.Build.0 = Debug|iPhoneSimulator
		{2DBBD119-C38D-409E-8831-DA1AFF6CA5C7}.Release|Any CPU.ActiveCfg = Release|iPhoneSimulator
		{2DBBD119-C38D-409E-8831-DA1AFF6CA5C7}.Release|Any CPU.Build.0 = Release|iPhoneSimulator
		{2DBBD119-C38D-409E-8831-DA1AFF6CA5C7}.Debug|iPhoneSimulator.ActiveCfg = Debug|iPhoneSimulator
		{2DBBD119-C38D-409E-8831-DA1AFF6CA5C7}.Debug|iPhoneSimulator.Build.0 = Debug|iPhoneSimulator
		{2DBBD119-C38D-409E-8831-DA1AFF6CA5C7}.Release|iPhoneSimulator.ActiveCfg = Release|iPhoneSimulator
		{2DBBD119-C38D-409E-8831-DA1AFF6CA5C7}.Release|iPhoneSimulator.Build.0 = Release|iPhoneSimulator
		{2DBBD119-C38D-409E-8831-DA1AFF6CA5C7}.Debug|iPhone.ActiveCfg = Debug|iPhone
		{2DBBD119-C38D-409E-8831-DA1AFF6CA5C7}.Debug|iPhone.Build.0 = Debug|iPhone
		{2DBBD119-C38D-409E-8831-DA1AFF6CA5C7}.Release|iPhone.ActiveCfg = Release|iPhone
		{2DBBD119-C38D-409E-8831-DA1AFF6CA5C7}.Release|iPhone.Build.0 = Release|iPhone
		{118EE45C-8F60-4F05-B609-5DDE11D0BA23}.Debug|Any CPU.ActiveCfg = Debug|Any CPU
		{118EE45C-8F60-4F05-B609-5DDE11D0BA23}.Debug|Any CPU.Build.0 = Debug|Any CPU
		{118EE45C-8F60-4F05-B609-5DDE11D0BA23}.Release|Any CPU.ActiveCfg = Release|Any CPU
		{118EE45C-8F60-4F05-B609-5DDE11D0BA23}.Release|Any CPU.Build.0 = Release|Any CPU
		{118EE45C-8F60-4F05-B609-5DDE11D0BA23}.Debug|iPhoneSimulator.ActiveCfg = Debug|Any CPU
		{118EE45C-8F60-4F05-B609-5DDE11D0BA23}.Debug|iPhoneSimulator.Build.0 = Debug|Any CPU
		{118EE45C-8F60-4F05-B609-5DDE11D0BA23}.Release|iPhoneSimulator.ActiveCfg = Release|Any CPU
		{118EE45C-8F60-4F05-B609-5DDE11D0BA23}.Release|iPhoneSimulator.Build.0 = Release|Any CPU
		{118EE45C-8F60-4F05-B609-5DDE11D0BA23}.Debug|iPhone.ActiveCfg = Debug|Any CPU
		{118EE45C-8F60-4F05-B609-5DDE11D0BA23}.Debug|iPhone.Build.0 = Debug|Any CPU
		{118EE45C-8F60-4F05-B609-5DDE11D0BA23}.Release|iPhone.ActiveCfg = Release|Any CPU
		{118EE45C-8F60-4F05-B609-5DDE11D0BA23}.Release|iPhone.Build.0 = Release|Any CPU
		{7EA49779-5346-4E87-94B8-E4DD3E0E29EA}.Debug|Any CPU.ActiveCfg = Debug|Any CPU
		{7EA49779-5346-4E87-94B8-E4DD3E0E29EA}.Debug|Any CPU.Build.0 = Debug|Any CPU
		{7EA49779-5346-4E87-94B8-E4DD3E0E29EA}.Release|Any CPU.ActiveCfg = Release|Any CPU
		{7EA49779-5346-4E87-94B8-E4DD3E0E29EA}.Release|Any CPU.Build.0 = Release|Any CPU
		{7EA49779-5346-4E87-94B8-E4DD3E0E29EA}.Debug|iPhoneSimulator.ActiveCfg = Debug|Any CPU
		{7EA49779-5346-4E87-94B8-E4DD3E0E29EA}.Debug|iPhoneSimulator.Build.0 = Debug|Any CPU
		{7EA49779-5346-4E87-94B8-E4DD3E0E29EA}.Release|iPhoneSimulator.ActiveCfg = Release|Any CPU
		{7EA49779-5346-4E87-94B8-E4DD3E0E29EA}.Release|iPhoneSimulator.Build.0 = Release|Any CPU
		{7EA49779-5346-4E87-94B8-E4DD3E0E29EA}.Debug|iPhone.ActiveCfg = Debug|Any CPU
		{7EA49779-5346-4E87-94B8-E4DD3E0E29EA}.Debug|iPhone.Build.0 = Debug|Any CPU
		{7EA49779-5346-4E87-94B8-E4DD3E0E29EA}.Release|iPhone.ActiveCfg = Release|Any CPU
		{7EA49779-5346-4E87-94B8-E4DD3E0E29EA}.Release|iPhone.Build.0 = Release|Any CPU
		{DFA22F9A-B05D-4AE0-8376-268637CC7F62}.Debug|Any CPU.ActiveCfg = Debug|Any CPU
		{DFA22F9A-B05D-4AE0-8376-268637CC7F62}.Debug|Any CPU.Build.0 = Debug|Any CPU
		{DFA22F9A-B05D-4AE0-8376-268637CC7F62}.Release|Any CPU.ActiveCfg = Release|Any CPU
		{DFA22F9A-B05D-4AE0-8376-268637CC7F62}.Release|Any CPU.Build.0 = Release|Any CPU
		{DFA22F9A-B05D-4AE0-8376-268637CC7F62}.Debug|iPhoneSimulator.ActiveCfg = Debug|Any CPU
		{DFA22F9A-B05D-4AE0-8376-268637CC7F62}.Debug|iPhoneSimulator.Build.0 = Debug|Any CPU
		{DFA22F9A-B05D-4AE0-8376-268637CC7F62}.Release|iPhoneSimulator.ActiveCfg = Release|Any CPU
		{DFA22F9A-B05D-4AE0-8376-268637CC7F62}.Release|iPhoneSimulator.Build.0 = Release|Any CPU
		{DFA22F9A-B05D-4AE0-8376-268637CC7F62}.Debug|iPhone.ActiveCfg = Debug|Any CPU
		{DFA22F9A-B05D-4AE0-8376-268637CC7F62}.Debug|iPhone.Build.0 = Debug|Any CPU
		{DFA22F9A-B05D-4AE0-8376-268637CC7F62}.Release|iPhone.ActiveCfg = Release|Any CPU
		{DFA22F9A-B05D-4AE0-8376-268637CC7F62}.Release|iPhone.Build.0 = Release|Any CPU
	EndGlobalSection
	GlobalSection(NestedProjects) = preSolution
		{005D25CE-61C7-447E-AE4F-ADEB65DF8C83} = {23F9C318-AD08-4E2A-A3BF-801E6AA63BEE}
		{EFEF1BA3-1860-44DD-B3BB-66FC5E7395F4} = {23F9C318-AD08-4E2A-A3BF-801E6AA63BEE}
		{DFA22F9A-B05D-4AE0-8376-268637CC7F62} = {272E1F6F-E855-406B-AB9F-B66D768A3665}
		{885CE01D-E0A6-4B6D-B7BC-31A2A39EE630} = {272E1F6F-E855-406B-AB9F-B66D768A3665}
		{2DBBD119-C38D-409E-8831-DA1AFF6CA5C7} = {272E1F6F-E855-406B-AB9F-B66D768A3665}
		{118EE45C-8F60-4F05-B609-5DDE11D0BA23} = {272E1F6F-E855-406B-AB9F-B66D768A3665}
		{7EA49779-5346-4E87-94B8-E4DD3E0E29EA} = {272E1F6F-E855-406B-AB9F-B66D768A3665}
	EndGlobalSection
EndGlobal
